
Microsoft Visual Studio Solution File, Format Version 12.00
# Visual Studio Version 17
VisualStudioVersion = 17.5.33530.505
MinimumVisualStudioVersion = 10.0.40219.1
Project("{FAE04EC0-301F-11D3-BF4B-00C04F79EFBC}") = "VLU222_CSLTN02_2274801030_137_118_042_101", "VLU222_CSLTN02_2274801030_137_118_042_101_073\VLU222_CSLTN02_2274801030_137_118_042_101.csproj", "{FC3730D9-54AF-4E57-A9F8-53A8791E5D2C}"
EndProject
Global
	GlobalSection(SolutionConfigurationPlatforms) = preSolution
		Debug|Any CPU = Debug|Any CPU
		Release|Any CPU = Release|Any CPU
	EndGlobalSection
	GlobalSection(ProjectConfigurationPlatforms) = postSolution
		{FC3730D9-54AF-4E57-A9F8-53A8791E5D2C}.Debug|Any CPU.ActiveCfg = Debug|Any CPU
		{FC3730D9-54AF-4E57-A9F8-53A8791E5D2C}.Debug|Any CPU.Build.0 = Debug|Any CPU
		{FC3730D9-54AF-4E57-A9F8-53A8791E5D2C}.Release|Any CPU.ActiveCfg = Release|Any CPU
		{FC3730D9-54AF-4E57-A9F8-53A8791E5D2C}.Release|Any CPU.Build.0 = Release|Any CPU
	EndGlobalSection
	GlobalSection(SolutionProperties) = preSolution
		HideSolutionNode = FALSE
	EndGlobalSection
	GlobalSection(ExtensibilityGlobals) = postSolution
		SolutionGuid = {F43FD7F4-6572-47AD-8B1C-116AF5CB20F3}
	EndGlobalSection
EndGlobal
